// !$*UTF8*$!
{
	archiveVersion = 1;
	classes = {
	};
	objectVersion = 77;
	objects = {

/* Begin PBXContainerItemProxy section */
		23BBE0D42EC7BC810038E888 /* PBXContainerItemProxy */ = {
			isa = PBXContainerItemProxy;
			containerPortal = 23BBE0BC2EC7BC7D0038E888 /* Project object */;
			proxyType = 1;
			remoteGlobalIDString = 23BBE0C32EC7BC7D0038E888;
			remoteInfo = JuzAmma;
		};
		23BBE0DE2EC7BC810038E888 /* PBXContainerItemProxy */ = {
			isa = PBXContainerItemProxy;
			containerPortal = 23BBE0BC2EC7BC7D0038E888 /* Project object */;
			proxyType = 1;
			remoteGlobalIDString = 23BBE0C32EC7BC7D0038E888;
			remoteInfo = JuzAmma;
		};
/* End PBXContainerItemProxy section */

/* Begin PBXFileReference section */
		23BBE0C42EC7BC7D0038E888 /* Juz Amma.app */ = {isa = PBXFileReference; explicitFileType = wrapper.application; includeInIndex = 0; path = "Juz Amma.app"; sourceTree = BUILT_PRODUCTS_DIR; };
		23BBE0D32EC7BC810038E888 /* JuzAmmaTests.xctest */ = {isa = PBXFileReference; explicitFileType = wrapper.cfbundle; includeInIndex = 0; path = JuzAmmaTests.xctest; sourceTree = BUILT_PRODUCTS_DIR; };
		23BBE0DD2EC7BC810038E888 /* JuzAmmaUITests.xctest */ = {isa = PBXFileReference; explicitFileType = wrapper.cfbundle; includeInIndex = 0; path = JuzAmmaUITests.xctest; sourceTree = BUILT_PRODUCTS_DIR; };
/* End PBXFileReference section */

/* Begin PBXFileSystemSynchronizedBuildFileExceptionSet section */
		23BBE1432ECA29AD0038E888 /* Exceptions for "JuzAmma" folder in "JuzAmma" target */ = {
			isa = PBXFileSystemSynchronizedBuildFileExceptionSet;
			membershipExceptions = (
				Info.plist,
			);
			target = 23BBE0C32EC7BC7D0038E888 /* JuzAmma */;
		};
/* End PBXFileSystemSynchronizedBuildFileExceptionSet section */

/* Begin PBXFileSystemSynchronizedRootGroup section */
		23BBE0C62EC7BC7D0038E888 /* JuzAmma */ = {
			isa = PBXFileSystemSynchronizedRootGroup;
			exceptions = (
				23BBE1432ECA29AD0038E888 /* Exceptions for "JuzAmma" folder in "JuzAmma" target */,
			);
			path = JuzAmma;
			sourceTree = "<group>";
		};
		23BBE0D62EC7BC810038E888 /* JuzAmmaTests */ = {
			isa = PBXFileSystemSynchronizedRootGroup;
			path = JuzAmmaTests;
			sourceTree = "<group>";
		};
		23BBE0E02EC7BC810038E888 /* JuzAmmaUITests */ = {
			isa = PBXFileSystemSynchronizedRootGroup;
			path = JuzAmmaUITests;
			sourceTree = "<group>";
		};
/* End PBXFileSystemSynchronizedRootGroup section */

/* Begin PBXFrameworksBuildPhase section */
		23BBE0C12EC7BC7D0038E888 /* Frameworks */ = {
			isa = PBXFrameworksBuildPhase;
			buildActionMask = 2147483647;
			files = (
			);
			runOnlyForDeploymentPostprocessing = 0;
		};
		23BBE0D02EC7BC810038E888 /* Frameworks */ = {
			isa = PBXFrameworksBuildPhase;
			buildActionMask = 2147483647;
			files = (
			);
			runOnlyForDeploymentPostprocessing = 0;
		};
		23BBE0DA2EC7BC810038E888 /* Frameworks */ = {
			isa = PBXFrameworksBuildPhase;
			buildActionMask = 2147483647;
			files = (
			);
			runOnlyForDeploymentPostprocessing = 0;
		};
/* End PBXFrameworksBuildPhase section */

/* Begin PBXGroup section */
		23BBE0BB2EC7BC7D0038E888 = {
			isa = PBXGroup;
			children = (
				23BBE0C62EC7BC7D0038E888 /* JuzAmma */,
				23BBE0D62EC7BC810038E888 /* JuzAmmaTests */,
				23BBE0E02EC7BC810038E888 /* JuzAmmaUITests */,
				23BBE0C52EC7BC7D0038E888 /* Products */,
			);
			sourceTree = "<group>";
		};
		23BBE0C52EC7BC7D0038E888 /* Products */ = {
			isa = PBXGroup;
			children = (
				23BBE0C42EC7BC7D0038E888 /* Juz Amma.app */,
				23BBE0D32EC7BC810038E888 /* JuzAmmaTests.xctest */,
				23BBE0DD2EC7BC810038E888 /* JuzAmmaUITests.xctest */,
			);
			name = Products;
			sourceTree = "<group>";
		};
/* End PBXGroup section */

/* Begin PBXNativeTarget section */
		23BBE0C32EC7BC7D0038E888 /* JuzAmma */ = {
			isa = PBXNativeTarget;
			buildConfigurationList = 23BBE0E72EC7BC810038E888 /* Build configuration list for PBXNativeTarget "JuzAmma" */;
			buildPhases = (
				23BBE0C02EC7BC7D0038E888 /* Sources */,
				23BBE0C12EC7BC7D0038E888 /* Frameworks */,
				23BBE0C22EC7BC7D0038E888 /* Resources */,
			);
			buildRules = (
			);
			dependencies = (
			);
			fileSystemSynchronizedGroups = (
				23BBE0C62EC7BC7D0038E888 /* JuzAmma */,
			);
			name = JuzAmma;
			packageProductDependencies = (
			);
			productName = JuzAmma;
			productReference = 23BBE0C42EC7BC7D0038E888 /* Juz Amma.app */;
			productType = "com.apple.product-type.application";
		};
		23BBE0D22EC7BC810038E888 /* JuzAmmaTests */ = {
			isa = PBXNativeTarget;
			buildConfigurationList = 23BBE0EA2EC7BC810038E888 /* Build configuration list for PBXNativeTarget "JuzAmmaTests" */;
			buildPhases = (
				23BBE0CF2EC7BC810038E888 /* Sources */,
				23BBE0D02EC7BC810038E888 /* Frameworks */,
				23BBE0D12EC7BC810038E888 /* Resources */,
			);
			buildRules = (
			);
			dependencies = (
				23BBE0D52EC7BC810038E888 /* PBXTargetDependency */,
			);
			fileSystemSynchronizedGroups = (
				23BBE0D62EC7BC810038E888 /* JuzAmmaTests */,
			);
			name = JuzAmmaTests;
			packageProductDependencies = (
			);
			productName = JuzAmmaTests;
			productReference = 23BBE0D32EC7BC810038E888 /* JuzAmmaTests.xctest */;
			productType = "com.apple.product-type.bundle.unit-test";
		};
		23BBE0DC2EC7BC810038E888 /* JuzAmmaUITests */ = {
			isa = PBXNativeTarget;
			buildConfigurationList = 23BBE0ED2EC7BC810038E888 /* Build configuration list for PBXNativeTarget "JuzAmmaUITests" */;
			buildPhases = (
				23BBE0D92EC7BC810038E888 /* Sources */,
				23BBE0DA2EC7BC810038E888 /* Frameworks */,
				23BBE0DB2EC7BC810038E888 /* Resources */,
			);
			buildRules = (
			);
			dependencies = (
				23BBE0DF2EC7BC810038E888 /* PBXTargetDependency */,
			);
			fileSystemSynchronizedGroups = (
				23BBE0E02EC7BC810038E888 /* JuzAmmaUITests */,
			);
			name = JuzAmmaUITests;
			packageProductDependencies = (
			);
			productName = JuzAmmaUITests;
			productReference = 23BBE0DD2EC7BC810038E888 /* JuzAmmaUITests.xctest */;
			productType = "com.apple.product-type.bundle.ui-testing";
		};
/* End PBXNativeTarget section */

/* Begin PBXProject section */
		23BBE0BC2EC7BC7D0038E888 /* Project object */ = {
			isa = PBXProject;
			attributes = {
				BuildIndependentTargetsInParallel = 1;
				LastSwiftUpdateCheck = 2610;
				LastUpgradeCheck = 2610;
				TargetAttributes = {
					23BBE0C32EC7BC7D0038E888 = {
						CreatedOnToolsVersion = 26.1.1;
					};
					23BBE0D22EC7BC810038E888 = {
						CreatedOnToolsVersion = 26.1.1;
						TestTargetID = 23BBE0C32EC7BC7D0038E888;
					};
					23BBE0DC2EC7BC810038E888 = {
						CreatedOnToolsVersion = 26.1.1;
						TestTargetID = 23BBE0C32EC7BC7D0038E888;
					};
				};
			};
			buildConfigurationList = 23BBE0BF2EC7BC7D0038E888 /* Build configuration list for PBXProject "JuzAmma" */;
			developmentRegion = en;
			hasScannedForEncodings = 0;
			knownRegions = (
				en,
				Base,
			);
			mainGroup = 23BBE0BB2EC7BC7D0038E888;
			minimizedProjectReferenceProxies = 1;
			preferredProjectObjectVersion = 77;
			productRefGroup = 23BBE0C52EC7BC7D0038E888 /* Products */;
			projectDirPath = "";
			projectRoot = "";
			targets = (
				23BBE0C32EC7BC7D0038E888 /* JuzAmma */,
				23BBE0D22EC7BC810038E888 /* JuzAmmaTests */,
				23BBE0DC2EC7BC810038E888 /* JuzAmmaUITests */,
			);
		};
/* End PBXProject section */

/* Begin PBXResourcesBuildPhase section */
		23BBE0C22EC7BC7D0038E888 /* Resources */ = {
			isa = PBXResourcesBuildPhase;
			buildActionMask = 2147483647;
			files = (
			);
			runOnlyForDeploymentPostprocessing = 0;
		};
		23BBE0D12EC7BC810038E888 /* Resources */ = {
			isa = PBXResourcesBuildPhase;
			buildActionMask = 2147483647;
			files = (
			);
			runOnlyForDeploymentPostprocessing = 0;
		};
		23BBE0DB2EC7BC810038E888 /* Resources */ = {
			isa = PBXResourcesBuildPhase;
			buildActionMask = 2147483647;
			files = (
			);
			runOnlyForDeploymentPostprocessing = 0;
		};
/* End PBXResourcesBuildPhase section */

/* Begin PBXSourcesBuildPhase section */
		23BBE0C02EC7BC7D0038E888 /* Sources */ = {
			isa = PBXSourcesBuildPhase;
			buildActionMask = 2147483647;
			files = (
			);
			runOnlyForDeploymentPostprocessing = 0;
		};
		23BBE0CF2EC7BC810038E888 /* Sources */ = {
			isa = PBXSourcesBuildPhase;
			buildActionMask = 2147483647;
			files = (
			);
			runOnlyForDeploymentPostprocessing = 0;
		};
		23BBE0D92EC7BC810038E888 /* Sources */ = {
			isa = PBXSourcesBuildPhase;
			buildActionMask = 2147483647;
			files = (
			);
			runOnlyForDeploymentPostprocessing = 0;
		};
/* End PBXSourcesBuildPhase section */

/* Begin PBXTargetDependency section */
		23BBE0D52EC7BC810038E888 /* PBXTargetDependency */ = {
			isa = PBXTargetDependency;
			target = 23BBE0C32EC7BC7D0038E888 /* JuzAmma */;
			targetProxy = 23BBE0D42EC7BC810038E888 /* PBXContainerItemProxy */;
		};
		23BBE0DF2EC7BC810038E888 /* PBXTargetDependency */ = {
			isa = PBXTargetDependency;
			target = 23BBE0C32EC7BC7D0038E888 /* JuzAmma */;
			targetProxy = 23BBE0DE2EC7BC810038E888 /* PBXContainerItemProxy */;
		};
/* End PBXTargetDependency section */

/* Begin XCBuildConfiguration section */
		23BBE0E52EC7BC810038E888 /* Debug */ = {
			isa = XCBuildConfiguration;
			buildSettings = {
				ALWAYS_SEARCH_USER_PATHS = NO;
				ASSETCATALOG_COMPILER_GENERATE_SWIFT_ASSET_SYMBOL_EXTENSIONS = YES;
				CLANG_ANALYZER_NONNULL = YES;
				CLANG_ANALYZER_NUMBER_OBJECT_CONVERSION = YES_AGGRESSIVE;
				CLANG_CXX_LANGUAGE_STANDARD = "gnu++20";
				CLANG_ENABLE_MODULES = YES;
				CLANG_ENABLE_OBJC_ARC = YES;
				CLANG_ENABLE_OBJC_WEAK = YES;
				CLANG_WARN_BLOCK_CAPTURE_AUTORELEASING = YES;
				CLANG_WARN_BOOL_CONVERSION = YES;
				CLANG_WARN_COMMA = YES;
				CLANG_WARN_CONSTANT_CONVERSION = YES;
				CLANG_WARN_DEPRECATED_OBJC_IMPLEMENTATIONS = YES;
				CLANG_WARN_DIRECT_OBJC_ISA_USAGE = YES_ERROR;
				CLANG_WARN_DOCUMENTATION_COMMENTS = YES;
				CLANG_WARN_EMPTY_BODY = YES;
				CLANG_WARN_ENUM_CONVERSION = YES;
				CLANG_WARN_INFINITE_RECURSION = YES;
				CLANG_WARN_INT_CONVERSION = YES;
				CLANG_WARN_NON_LITERAL_NULL_CONVERSION = YES;
				CLANG_WARN_OBJC_IMPLICIT_RETAIN_SELF = YES;
				CLANG_WARN_OBJC_LITERAL_CONVERSION = YES;
				CLANG_WARN_OBJC_ROOT_CLASS = YES_ERROR;
				CLANG_WARN_QUOTED_INCLUDE_IN_FRAMEWORK_HEADER = YES;
				CLANG_WARN_RANGE_LOOP_ANALYSIS = YES;
				CLANG_WARN_STRICT_PROTOTYPES = YES;
				CLANG_WARN_SUSPICIOUS_MOVE = YES;
				CLANG_WARN_UNGUARDED_AVAILABILITY = YES_AGGRESSIVE;
				CLANG_WARN_UNREACHABLE_CODE = YES;
				CLANG_WARN__DUPLICATE_METHOD_MATCH = YES;
				COPY_PHASE_STRIP = NO;
				DEBUG_INFORMATION_FORMAT = dwarf;
				ENABLE_STRICT_OBJC_MSGSEND = YES;
				ENABLE_TESTABILITY = YES;
				ENABLE_USER_SCRIPT_SANDBOXING = YES;
				GCC_C_LANGUAGE_STANDARD = gnu17;
				GCC_DYNAMIC_NO_PIC = NO;
				GCC_NO_COMMON_BLOCKS = YES;
				GCC_OPTIMIZATION_LEVEL = 0;
				GCC_PREPROCESSOR_DEFINITIONS = (
					"DEBUG=1",
					"$(inherited)",
				);
				GCC_WARN_64_TO_32_BIT_CONVERSION = YES;
				GCC_WARN_ABOUT_RETURN_TYPE = YES_ERROR;
				GCC_WARN_UNDECLARED_SELECTOR = YES;
				GCC_WARN_UNINITIALIZED_AUTOS = YES_AGGRESSIVE;
				GCC_WARN_UNUSED_FUNCTION = YES;
				GCC_WARN_UNUSED_VARIABLE = YES;
				IPHONEOS_DEPLOYMENT_TARGET = 17.0;
				LOCALIZATION_PREFERS_STRING_CATALOGS = YES;
				MTL_ENABLE_DEBUG_INFO = INCLUDE_SOURCE;
				MTL_FAST_MATH = YES;
				ONLY_ACTIVE_ARCH = YES;
				SDKROOT = iphoneos;
				SWIFT_ACTIVE_COMPILATION_CONDITIONS = "DEBUG $(inherited)";
				SWIFT_OPTIMIZATION_LEVEL = "-Onone";
			};
			name = Debug;
		};
		23BBE0E62EC7BC810038E888 /* Release */ = {
			isa = XCBuildConfiguration;
			buildSettings = {
				ALWAYS_SEARCH_USER_PATHS = NO;
				ASSETCATALOG_COMPILER_GENERATE_SWIFT_ASSET_SYMBOL_EXTENSIONS = YES;
				CLANG_ANALYZER_NONNULL = YES;
				CLANG_ANALYZER_NUMBER_OBJECT_CONVERSION = YES_AGGRESSIVE;
				CLANG_CXX_LANGUAGE_STANDARD = "gnu++20";
				CLANG_ENABLE_MODULES = YES;
				CLANG_ENABLE_OBJC_ARC = YES;
				CLANG_ENABLE_OBJC_WEAK = YES;
				CLANG_WARN_BLOCK_CAPTURE_AUTORELEASING = YES;
				CLANG_WARN_BOOL_CONVERSION = YES;
				CLANG_WARN_COMMA = YES;
				CLANG_WARN_CONSTANT_CONVERSION = YES;
				CLANG_WARN_DEPRECATED_OBJC_IMPLEMENTATIONS = YES;
				CLANG_WARN_DIRECT_OBJC_ISA_USAGE = YES_ERROR;
				CLANG_WARN_DOCUMENTATION_COMMENTS = YES;
				CLANG_WARN_EMPTY_BODY = YES;
				CLANG_WARN_ENUM_CONVERSION = YES;
				CLANG_WARN_INFINITE_RECURSION = YES;
				CLANG_WARN_INT_CONVERSION = YES;
				CLANG_WARN_NON_LITERAL_NULL_CONVERSION = YES;
				CLANG_WARN_OBJC_IMPLICIT_RETAIN_SELF = YES;
				CLANG_WARN_OBJC_LITERAL_CONVERSION = YES;
				CLANG_WARN_OBJC_ROOT_CLASS = YES_ERROR;
				CLANG_WARN_QUOTED_INCLUDE_IN_FRAMEWORK_HEADER = YES;
				CLANG_WARN_RANGE_LOOP_ANALYSIS = YES;
				CLANG_WARN_STRICT_PROTOTYPES = YES;
				CLANG_WARN_SUSPICIOUS_MOVE = YES;
				CLANG_WARN_UNGUARDED_AVAILABILITY = YES_AGGRESSIVE;
				CLANG_WARN_UNREACHABLE_CODE = YES;
				CLANG_WARN__DUPLICATE_METHOD_MATCH = YES;
				COPY_PHASE_STRIP = NO;
				DEBUG_INFORMATION_FORMAT = "dwarf-with-dsym";
				ENABLE_NS_ASSERTIONS = NO;
				ENABLE_STRICT_OBJC_MSGSEND = YES;
				ENABLE_USER_SCRIPT_SANDBOXING = YES;
				GCC_C_LANGUAGE_STANDARD = gnu17;
				GCC_NO_COMMON_BLOCKS = YES;
				GCC_WARN_64_TO_32_BIT_CONVERSION = YES;
				GCC_WARN_ABOUT_RETURN_TYPE = YES_ERROR;
				GCC_WARN_UNDECLARED_SELECTOR = YES;
				GCC_WARN_UNINITIALIZED_AUTOS = YES_AGGRESSIVE;
				GCC_WARN_UNUSED_FUNCTION = YES;
				GCC_WARN_UNUSED_VARIABLE = YES;
				IPHONEOS_DEPLOYMENT_TARGET = 17.0;
				LOCALIZATION_PREFERS_STRING_CATALOGS = YES;
				MTL_ENABLE_DEBUG_INFO = NO;
				MTL_FAST_MATH = YES;
				SDKROOT = iphoneos;
				SWIFT_COMPILATION_MODE = wholemodule;
				VALIDATE_PRODUCT = YES;
			};
			name = Release;
		};
		23BBE0E82EC7BC810038E888 /* Debug */ = {
			isa = XCBuildConfiguration;
			buildSettings = {
				ASSETCATALOG_COMPILER_APPICON_NAME = AppIcon;
				ASSETCATALOG_COMPILER_GLOBAL_ACCENT_COLOR_NAME = AccentColor;
				CODE_SIGN_STYLE = Automatic;
				CURRENT_PROJECT_VERSION = 1;
				ENABLE_PREVIEWS = YES;
				GENERATE_INFOPLIST_FILE = YES;
				INFOPLIST_FILE = JuzAmma/Info.plist;
				INFOPLIST_KEY_UIApplicationSceneManifest_Generation = YES;
				INFOPLIST_KEY_UIApplicationSupportsIndirectInputEvents = YES;
				INFOPLIST_KEY_UILaunchScreen_Generation = YES;
				INFOPLIST_KEY_UISupportedInterfaceOrientations_iPad = "UIInterfaceOrientationPortrait UIInterfaceOrientationPortraitUpsideDown UIInterfaceOrientationLandscapeLeft UIInterfaceOrientationLandscapeRight";
				INFOPLIST_KEY_UISupportedInterfaceOrientations_iPhone = "UIInterfaceOrientationPortrait UIInterfaceOrientationLandscapeLeft UIInterfaceOrientationLandscapeRight";
				LD_RUNPATH_SEARCH_PATHS = (
					"$(inherited)",
					"@executable_path/Frameworks",
				);
				MARKETING_VERSION = 1.0;
				PRODUCT_BUNDLE_IDENTIFIER = computer.brothers.JuzAmma;
				PRODUCT_NAME = "Juz Amma";
				STRING_CATALOG_GENERATE_SYMBOLS = YES;
				SWIFT_APPROACHABLE_CONCURRENCY = YES;
				SWIFT_DEFAULT_ACTOR_ISOLATION = MainActor;
				SWIFT_EMIT_LOC_STRINGS = YES;
				SWIFT_UPCOMING_FEATURE_MEMBER_IMPORT_VISIBILITY = YES;
				SWIFT_VERSION = 5.0;
				TARGETED_DEVICE_FAMILY = "1,2";
			};
			name = Debug;
		};
		23BBE0E92EC7BC810038E888 /* Release */ = {
			isa = XCBuildConfiguration;
			buildSettings = {
				ASSETCATALOG_COMPILER_APPICON_NAME = AppIcon;
				ASSETCATALOG_COMPILER_GLOBAL_ACCENT_COLOR_NAME = AccentColor;
				CODE_SIGN_STYLE = Automatic;
				CURRENT_PROJECT_VERSION = 1;
				ENABLE_PREVIEWS = YES;
				GENERATE_INFOPLIST_FILE = YES;
				INFOPLIST_FILE = JuzAmma/Info.plist;
				INFOPLIST_KEY_UIApplicationSceneManifest_Generation = YES;
				INFOPLIST_KEY_UIApplicationSupportsIndirectInputEvents = YES;
				INFOPLIST_KEY_UILaunchScreen_Generation = YES;
				INFOPLIST_KEY_UISupportedInterfaceOrientations_iPad = "UIInterfaceOrientationPortrait UIInterfaceOrientationPortraitUpsideDown UIInterfaceOrientationLandscapeLeft UIInterfaceOrientationLandscapeRight";
				INFOPLIST_KEY_UISupportedInterfaceOrientations_iPhone = "UIInterfaceOrientationPortrait UIInterfaceOrientationLandscapeLeft UIInterfaceOrientationLandscapeRight";
				LD_RUNPATH_SEARCH_PATHS = (
					"$(inherited)",
					"@executable_path/Frameworks",
				);
				MARKETING_VERSION = 1.0;
				PRODUCT_BUNDLE_IDENTIFIER = computer.brothers.JuzAmma;
				PRODUCT_NAME = "Juz Amma";
				STRING_CATALOG_GENERATE_SYMBOLS = YES;
				SWIFT_APPROACHABLE_CONCURRENCY = YES;
				SWIFT_DEFAULT_ACTOR_ISOLATION = MainActor;
				SWIFT_EMIT_LOC_STRINGS = YES;
				SWIFT_UPCOMING_FEATURE_MEMBER_IMPORT_VISIBILITY = YES;
				SWIFT_VERSION = 5.0;
				TARGETED_DEVICE_FAMILY = "1,2";
			};
			name = Release;
		};
		23BBE0EB2EC7BC810038E888 /* Debug */ = {
			isa = XCBuildConfiguration;
			buildSettings = {
				BUNDLE_LOADER = "$(TEST_HOST)";
				CODE_SIGN_STYLE = Automatic;
				CURRENT_PROJECT_VERSION = 1;
				GENERATE_INFOPLIST_FILE = YES;
				IPHONEOS_DEPLOYMENT_TARGET = 17.0;
				MARKETING_VERSION = 1.0;
				PRODUCT_BUNDLE_IDENTIFIER = computer.brothers.JuzAmmaTests;
				PRODUCT_NAME = "$(TARGET_NAME)";
				STRING_CATALOG_GENERATE_SYMBOLS = NO;
				SWIFT_APPROACHABLE_CONCURRENCY = YES;
				SWIFT_EMIT_LOC_STRINGS = NO;
				SWIFT_UPCOMING_FEATURE_MEMBER_IMPORT_VISIBILITY = YES;
				SWIFT_VERSION = 5.0;
				TARGETED_DEVICE_FAMILY = "1,2";
				TEST_HOST = "$(BUILT_PRODUCTS_DIR)/JuzAmma.app/$(BUNDLE_EXECUTABLE_FOLDER_PATH)/JuzAmma";
			};
			name = Debug;
		};
		23BBE0EC2EC7BC810038E888 /* Release */ = {
			isa = XCBuildConfiguration;
			buildSettings = {
				BUNDLE_LOADER = "$(TEST_HOST)";
				CODE_SIGN_STYLE = Automatic;
				CURRENT_PROJECT_VERSION = 1;
				GENERATE_INFOPLIST_FILE = YES;
				IPHONEOS_DEPLOYMENT_TARGET = 17.0;
				MARKETING_VERSION = 1.0;
				PRODUCT_BUNDLE_IDENTIFIER = computer.brothers.JuzAmmaTests;
				PRODUCT_NAME = "$(TARGET_NAME)";
				STRING_CATALOG_GENERATE_SYMBOLS = NO;
				SWIFT_APPROACHABLE_CONCURRENCY = YES;
				SWIFT_EMIT_LOC_STRINGS = NO;
				SWIFT_UPCOMING_FEATURE_MEMBER_IMPORT_VISIBILITY = YES;
				SWIFT_VERSION = 5.0;
				TARGETED_DEVICE_FAMILY = "1,2";
				TEST_HOST = "$(BUILT_PRODUCTS_DIR)/JuzAmma.app/$(BUNDLE_EXECUTABLE_FOLDER_PATH)/JuzAmma";
			};
			name = Release;
		};
		23BBE0EE2EC7BC810038E888 /* Debug */ = {
			isa = XCBuildConfiguration;
			buildSettings = {
				CODE_SIGN_STYLE = Automatic;
				CURRENT_PROJECT_VERSION = 1;
				GENERATE_INFOPLIST_FILE = YES;
				MARKETING_VERSION = 1.0;
				PRODUCT_BUNDLE_IDENTIFIER = computer.brothers.JuzAmmaUITests;
				PRODUCT_NAME = "$(TARGET_NAME)";
				STRING_CATALOG_GENERATE_SYMBOLS = NO;
				SWIFT_APPROACHABLE_CONCURRENCY = YES;
				SWIFT_EMIT_LOC_STRINGS = NO;
				SWIFT_UPCOMING_FEATURE_MEMBER_IMPORT_VISIBILITY = YES;
				SWIFT_VERSION = 5.0;
				TARGETED_DEVICE_FAMILY = "1,2";
				TEST_TARGET_NAME = JuzAmma;
			};
			name = Debug;
		};
		23BBE0EF2EC7BC810038E888 /* Release */ = {
			isa = XCBuildConfiguration;
			buildSettings = {
				CODE_SIGN_STYLE = Automatic;
				CURRENT_PROJECT_VERSION = 1;
				GENERATE_INFOPLIST_FILE = YES;
				MARKETING_VERSION = 1.0;
				PRODUCT_BUNDLE_IDENTIFIER = computer.brothers.JuzAmmaUITests;
				PRODUCT_NAME = "$(TARGET_NAME)";
				STRING_CATALOG_GENERATE_SYMBOLS = NO;
				SWIFT_APPROACHABLE_CONCURRENCY = YES;
				SWIFT_EMIT_LOC_STRINGS = NO;
				SWIFT_UPCOMING_FEATURE_MEMBER_IMPORT_VISIBILITY = YES;
				SWIFT_VERSION = 5.0;
				TARGETED_DEVICE_FAMILY = "1,2";
				TEST_TARGET_NAME = JuzAmma;
			};
			name = Release;
		};
/* End XCBuildConfiguration section */

/* Begin XCConfigurationList section */
		23BBE0BF2EC7BC7D0038E888 /* Build configuration list for PBXProject "JuzAmma" */ = {
			isa = XCConfigurationList;
			buildConfigurations = (
				23BBE0E52EC7BC810038E888 /* Debug */,
				23BBE0E62EC7BC810038E888 /* Release */,
			);
			defaultConfigurationIsVisible = 0;
			defaultConfigurationName = Release;
		};
		23BBE0E72EC7BC810038E888 /* Build configuration list for PBXNativeTarget "JuzAmma" */ = {
			isa = XCConfigurationList;
			buildConfigurations = (
				23BBE0E82EC7BC810038E888 /* Debug */,
				23BBE0E92EC7BC810038E888 /* Release */,
			);
			defaultConfigurationIsVisible = 0;
			defaultConfigurationName = Release;
		};
		23BBE0EA2EC7BC810038E888 /* Build configuration list for PBXNativeTarget "JuzAmmaTests" */ = {
			isa = XCConfigurationList;
			buildConfigurations = (
				23BBE0EB2EC7BC810038E888 /* Debug */,
				23BBE0EC2EC7BC810038E888 /* Release */,
			);
			defaultConfigurationIsVisible = 0;
			defaultConfigurationName = Release;
		};
		23BBE0ED2EC7BC810038E888 /* Build configuration list for PBXNativeTarget "JuzAmmaUITests" */ = {
			isa = XCConfigurationList;
			buildConfigurations = (
				23BBE0EE2EC7BC810038E888 /* Debug */,
				23BBE0EF2EC7BC810038E888 /* Release */,
			);
			defaultConfigurationIsVisible = 0;
			defaultConfigurationName = Release;
		};
/* End XCConfigurationList section */
	};
	rootObject = 23BBE0BC2EC7BC7D0038E888 /* Project object */;
}
